{
  "nodes": {
    "flake-utils": {
      "inputs": {
        "systems": "systems"
      },
      "locked": {
        "lastModified": 1731533236,
        "narHash": "sha256-l0KFg5HjrsfsO/JpG+r7fRrqm12kzFHyUHqHCVpMMbI=",
        "owner": "numtide",
        "repo": "flake-utils",
        "rev": "11707dc2f618dd54ca8739b309ec4fc024de578b",
        "type": "github"
      },
      "original": {
        "owner": "numtide",
        "repo": "flake-utils",
        "type": "github"
      }
    },
    "libprlpdemo": {
      "inputs": {
        "flake-utils": [
          "flake-utils"
        ],
        "nixpkgs": [
          "nixpkgs"
        ]
      },
      "locked": {
        "dir": "reinforcement-learning-games/prlp-demo",
        "lastModified": 1735860767,
        "narHash": "sha256-eg4TdA3UzYTQVXsFVj8zVI7tZckUzpapPi7a70+KlCk=",
        "owner": "jvstinian",
        "repo": "data-science-projects",
        "rev": "7a34e0ba8341a6259624451a76f431bd21d49f23",
        "type": "github"
      },
      "original": {
        "dir": "reinforcement-learning-games/prlp-demo",
        "owner": "jvstinian",
        "repo": "data-science-projects",
        "type": "github"
      }
    },
    "libzombpyg": {
      "inputs": {
        "flake-utils": [
          "flake-utils"
        ],
        "nixpkgs": [
          "nixpkgs"
        ]
      },
      "locked": {
        "lastModified": 1735860713,
        "narHash": "sha256-BAO2JHs/ES5Af+guKSVZ/Lrg7n90KhNkjQtMJI/JEvo=",
        "owner": "jvstinian",
        "repo": "zombpyg",
        "rev": "9e12a396ad6465f00b2d27e815ed22676de46b9f",
        "type": "github"
      },
      "original": {
        "owner": "jvstinian",
        "repo": "zombpyg",
        "type": "github"
      }
    },
    "libzombsole": {
      "inputs": {
        "flake-utils": [
          "flake-utils"
        ],
        "nixpkgs": [
          "nixpkgs"
        ]
      },
      "locked": {
        "lastModified": 1735860691,
        "narHash": "sha256-bUnVsV4noEw4sRLW/F1mjZF6OmgoVffjV1KSRCeDtwg=",
        "owner": "jvstinian",
        "repo": "libzombsole",
        "rev": "41d7081c6e60b7b1f0efd344ca103df1362ca473",
        "type": "github"
      },
      "original": {
        "owner": "jvstinian",
        "repo": "libzombsole",
        "type": "github"
      }
    },
    "nixpkgs": {
      "locked": {
        "lastModified": 1720535198,
        "narHash": "sha256-zwVvxrdIzralnSbcpghA92tWu2DV2lwv89xZc8MTrbg=",
        "owner": "nixos",
        "repo": "nixpkgs",
        "rev": "205fd4226592cc83fd4c0885a3e4c9c400efabb5",
        "type": "github"
      },
      "original": {
        "owner": "nixos",
        "ref": "nixos-23.11",
        "repo": "nixpkgs",
        "type": "github"
      }
    },
    "root": {
      "inputs": {
        "flake-utils": "flake-utils",
        "libprlpdemo": "libprlpdemo",
        "libzombpyg": "libzombpyg",
        "libzombsole": "libzombsole",
        "nixpkgs": "nixpkgs"
      }
    },
    "systems": {
      "locked": {
        "lastModified": 1681028828,
        "narHash": "sha256-Vy1rq5AaRuLzOxct8nz4T6wlgyUR7zLU309k9mBC768=",
        "owner": "nix-systems",
        "repo": "default",
        "rev": "da67096a3b9bf56a91d16901293e51ba5b49a27e",
        "type": "github"
      },
      "original": {
        "owner": "nix-systems",
        "repo": "default",
        "type": "github"
      }
    }
  },
  "root": "root",
  "version": 7
}
